// !$*UTF8*$!
{
	archiveVersion = 1;
	classes = {
	};
	objectVersion = 46;
	objects = {

/* Begin PBXBuildFile section */
		E402EBFF12C1552B0074FFA3 /* MainWindow.xib in Resources */ = {isa = PBXBuildFile; fileRef = E4BBB07F10C5763000A8E357 /* MainWindow.xib */; };
		E402EC0012C1552B0074FFA3 /* button-hey-selected.png in Resources */ = {isa = PBXBuildFile; fileRef = E410C836109E16FD007B8615 /* button-hey-selected.png */; };
		E402EC0112C1552B0074FFA3 /* button-hey.png in Resources */ = {isa = PBXBuildFile; fileRef = E410C837109E16FD007B8615 /* button-hey.png */; };
		E402EC0212C1552B0074FFA3 /* button-joke-selected.png in Resources */ = {isa = PBXBuildFile; fileRef = E410C838109E16FD007B8615 /* button-joke-selected.png */; };
		E402EC0312C1552B0074FFA3 /* button-joke.png in Resources */ = {isa = PBXBuildFile; fileRef = E410C839109E16FD007B8615 /* button-joke.png */; };
		E402EC0412C1552B0074FFA3 /* button-love-selected.png in Resources */ = {isa = PBXBuildFile; fileRef = E410C83A109E16FD007B8615 /* button-love-selected.png */; };
		E402EC0512C1552B0074FFA3 /* button-love.png in Resources */ = {isa = PBXBuildFile; fileRef = E410C83B109E16FD007B8615 /* button-love.png */; };
		E402EC0612C1552B0074FFA3 /* Back.png in Resources */ = {isa = PBXBuildFile; fileRef = E4BF482610A78B0200458CF8 /* Back.png */; };
		E402EC0712C1552B0074FFA3 /* Background galery -  simple.png in Resources */ = {isa = PBXBuildFile; fileRef = E4BE520F10A9D15400EDA49C /* Background galery -  simple.png */; };
		E402EC0812C1552B0074FFA3 /* Blue pin.png in Resources */ = {isa = PBXBuildFile; fileRef = E4BE521010A9D15400EDA49C /* Blue pin.png */; };
		E402EC0912C1552B0074FFA3 /* Green pin.png in Resources */ = {isa = PBXBuildFile; fileRef = E4BE521110A9D15400EDA49C /* Green pin.png */; };
		E402EC0A12C1552B0074FFA3 /* Red pin.png in Resources */ = {isa = PBXBuildFile; fileRef = E4BE521210A9D15400EDA49C /* Red pin.png */; };
		E402EC0B12C1552B0074FFA3 /* Yellow pin.png in Resources */ = {isa = PBXBuildFile; fileRef = E4BE521310A9D15400EDA49C /* Yellow pin.png */; };
		E402EC0C12C1552B0074FFA3 /* button-help-selected.png in Resources */ = {isa = PBXBuildFile; fileRef = E4C1276710B745690092B453 /* button-help-selected.png */; };
		E402EC0D12C1552B0074FFA3 /* button-help.png in Resources */ = {isa = PBXBuildFile; fileRef = E4C1276810B745690092B453 /* button-help.png */; };
		E402EC0E12C1552B0074FFA3 /* Send-content-to-composer-disable.png in Resources */ = {isa = PBXBuildFile; fileRef = E4C1277A10B745690092B453 /* Send-content-to-composer-disable.png */; };
		E402EC0F12C1552B0074FFA3 /* Toggle-Emos-touched.png in Resources */ = {isa = PBXBuildFile; fileRef = E4C1277F10B745690092B453 /* Toggle-Emos-touched.png */; };
		E402EC1012C1552B0074FFA3 /* Toggle-Emos.png in Resources */ = {isa = PBXBuildFile; fileRef = E4C1278010B745690092B453 /* Toggle-Emos.png */; };
		E402EC1112C1552B0074FFA3 /* Toggle-keyb-touched.png in Resources */ = {isa = PBXBuildFile; fileRef = E4C1278110B745690092B453 /* Toggle-keyb-touched.png */; };
		E402EC1212C1552B0074FFA3 /* Toggle-keyb.png in Resources */ = {isa = PBXBuildFile; fileRef = E4C1278210B745690092B453 /* Toggle-keyb.png */; };
		E402EC1312C1552B0074FFA3 /* AddContentToMessage--Touched.png in Resources */ = {isa = PBXBuildFile; fileRef = E4772B1710BB1B9100A07EB0 /* AddContentToMessage--Touched.png */; };
		E402EC1412C1552B0074FFA3 /* AddContentToMessage-Normal.png in Resources */ = {isa = PBXBuildFile; fileRef = E4772B1810BB1B9100A07EB0 /* AddContentToMessage-Normal.png */; };
		E402EC1512C1552B0074FFA3 /* GoToGalery-Normal.png in Resources */ = {isa = PBXBuildFile; fileRef = E4772B1910BB1B9100A07EB0 /* GoToGalery-Normal.png */; };
		E402EC1612C1552B0074FFA3 /* GoToGalery-Touched.png in Resources */ = {isa = PBXBuildFile; fileRef = E4772B1A10BB1B9100A07EB0 /* GoToGalery-Touched.png */; };
		E402EC1712C1552B0074FFA3 /* SendMessage-Normal.png in Resources */ = {isa = PBXBuildFile; fileRef = E4772B1B10BB1B9100A07EB0 /* SendMessage-Normal.png */; };
		E402EC1812C1552B0074FFA3 /* SendMessage-Touched.png in Resources */ = {isa = PBXBuildFile; fileRef = E4772B1C10BB1B9100A07EB0 /* SendMessage-Touched.png */; };
		E402EC1912C1552B0074FFA3 /* keyboard-background.png in Resources */ = {isa = PBXBuildFile; fileRef = E42B4F5710BCA6DA0081C43F /* keyboard-background.png */; };
		E402EC1A12C1552B0074FFA3 /* keyboard-overlay.png in Resources */ = {isa = PBXBuildFile; fileRef = E42B4F5810BCA6DA0081C43F /* keyboard-overlay.png */; };
		E402EC1B12C1552B0074FFA3 /* button-emoticones-happy-selected.png in Resources */ = {isa = PBXBuildFile; fileRef = E421E1AE10BECE4A003DE266 /* button-emoticones-happy-selected.png */; };
		E402EC1C12C1552B0074FFA3 /* button-emoticones-happy.png in Resources */ = {isa = PBXBuildFile; fileRef = E421E1AF10BECE4A003DE266 /* button-emoticones-happy.png */; };
		E402EC1D12C1552B0074FFA3 /* button-emoticones-moody-selected.png in Resources */ = {isa = PBXBuildFile; fileRef = E421E1B010BECE4A003DE266 /* button-emoticones-moody-selected.png */; };
		E402EC1E12C1552B0074FFA3 /* button-emoticones-moody.png in Resources */ = {isa = PBXBuildFile; fileRef = E421E1B110BECE4A003DE266 /* button-emoticones-moody.png */; };
		E402EC1F12C1552B0074FFA3 /* button-emoticones-nasty-selected.png in Resources */ = {isa = PBXBuildFile; fileRef = E421E1B210BECE4A003DE266 /* button-emoticones-nasty-selected.png */; };
		E402EC2012C1552B0074FFA3 /* button-emoticones-nasty.png in Resources */ = {isa = PBXBuildFile; fileRef = E421E1B310BECE4A003DE266 /* button-emoticones-nasty.png */; };
		E402EC2112C1552B0074FFA3 /* Click.caf in Resources */ = {isa = PBXBuildFile; fileRef = E49E1C1010C487C600E00BE4 /* Click.caf */; };
		E402EC2212C1552B0074FFA3 /* Green2 pin.png in Resources */ = {isa = PBXBuildFile; fileRef = E49E1C1810C4897800E00BE4 /* Green2 pin.png */; };
		E402EC2312C1552B0074FFA3 /* gallery-lock.png in Resources */ = {isa = PBXBuildFile; fileRef = E49E1C1A10C489EA00E00BE4 /* gallery-lock.png */; };
		E402EC2412C1552B0074FFA3 /* keyboard-lock.png in Resources */ = {isa = PBXBuildFile; fileRef = E49E1C1C10C48B0F00E00BE4 /* keyboard-lock.png */; };
		E402EC2512C1552B0074FFA3 /* navigator.png in Resources */ = {isa = PBXBuildFile; fileRef = E49E1C2110C48C2D00E00BE4 /* navigator.png */; };
		E402EC2612C1552B0074FFA3 /* Localizable.strings in Resources */ = {isa = PBXBuildFile; fileRef = E49E1D4310C4A56E00E00BE4 /* Localizable.strings */; };
		E402EC2712C1552B0074FFA3 /* CatalogViewController.xib in Resources */ = {isa = PBXBuildFile; fileRef = E4BBB07C10C5763000A8E357 /* CatalogViewController.xib */; };
		E402EC2812C1552B0074FFA3 /* GalleryViewController.xib in Resources */ = {isa = PBXBuildFile; fileRef = E4BBB07D10C5763000A8E357 /* GalleryViewController.xib */; };
		E402EC2912C1552B0074FFA3 /* HelpViewController.xib in Resources */ = {isa = PBXBuildFile; fileRef = E4BBB07E10C5763000A8E357 /* HelpViewController.xib */; };
		E402EC2A12C1552B0074FFA3 /* MessagesViewController.xib in Resources */ = {isa = PBXBuildFile; fileRef = E4BBB08010C5763000A8E357 /* MessagesViewController.xib */; };
		E402EC2B12C1552B0074FFA3 /* ServiceViewController.xib in Resources */ = {isa = PBXBuildFile; fileRef = E4BBB08110C5763000A8E357 /* ServiceViewController.xib */; };
		E402EC2C12C1552B0074FFA3 /* SubCategoryViewController.xib in Resources */ = {isa = PBXBuildFile; fileRef = E4BBB08310C5763000A8E357 /* SubCategoryViewController.xib */; };
		E402EC2D12C1552B0074FFA3 /* Blue pin-selected.png in Resources */ = {isa = PBXBuildFile; fileRef = E42788B210C61111009E6321 /* Blue pin-selected.png */; };
		E402EC2E12C1552B0074FFA3 /* Green2 pin-selected.png in Resources */ = {isa = PBXBuildFile; fileRef = E42788B310C61111009E6321 /* Green2 pin-selected.png */; };
		E402EC2F12C1552B0074FFA3 /* Red pin-selected.png in Resources */ = {isa = PBXBuildFile; fileRef = E42788B410C61111009E6321 /* Red pin-selected.png */; };
		E402EC3012C1552B0074FFA3 /* Yellow pin-selected.png in Resources */ = {isa = PBXBuildFile; fileRef = E42788B510C61111009E6321 /* Yellow pin-selected.png */; };
		E402EC3112C1552B0074FFA3 /* new.png in Resources */ = {isa = PBXBuildFile; fileRef = E49E15F010DE8B8600DFF5DE /* new.png */; };
		E402EC3212C1552B0074FFA3 /* Icon.png in Resources */ = {isa = PBXBuildFile; fileRef = E4491EAF11BB7E1200BD26EE /* Icon.png */; };
		E402EC3312C1552B0074FFA3 /* Default.png in Resources */ = {isa = PBXBuildFile; fileRef = E4491EB611BB804500BD26EE /* Default.png */; };
		E402EC3412C1552B0074FFA3 /* button-NEW-selected.png in Resources */ = {isa = PBXBuildFile; fileRef = E40C800711E706E5005AAE1A /* button-NEW-selected.png */; };
		E402EC3512C1552B0074FFA3 /* button-NEW.png in Resources */ = {isa = PBXBuildFile; fileRef = E40C800811E706E5005AAE1A /* button-NEW.png */; };
		E402EC3612C1552B0074FFA3 /* precache in Resources */ = {isa = PBXBuildFile; fileRef = E4DF63F911D63C8900A14CC2 /* precache */; };
		E402EC3812C1552B0074FFA3 /* ZoozzEvent.m in Sources */ = {isa = PBXBuildFile; fileRef = E448ED5A10F141EE003C61A0 /* ZoozzEvent.m */; };
		E402EC3912C1552B0074FFA3 /* ServiceViewController.m in Sources */ = {isa = PBXBuildFile; fileRef = E462356C109CE32100B890F8 /* ServiceViewController.m */; };
		E402EC3A12C1552B0074FFA3 /* main.m in Sources */ = {isa = PBXBuildFile; fileRef = 29B97316FDCFA39411CA2CEA /* main.m */; };
		E402EC3B12C1552B0074FFA3 /* MessagesViewController.m in Sources */ = {isa = PBXBuildFile; fileRef = 28D7ACF70DDB3853001CB0EB /* MessagesViewController.m */; };
		E402EC3C12C1552B0074FFA3 /* Asset.m in Sources */ = {isa = PBXBuildFile; fileRef = 071F20C8107D116300100E46 /* Asset.m */; };
		E402EC3D12C1552B0074FFA3 /* XMLParser.m in Sources */ = {isa = PBXBuildFile; fileRef = 071F20D0107D116300100E46 /* XMLParser.m */; };
		E402EC3E12C1552B0074FFA3 /* IminentAppDelegate.m in Sources */ = {isa = PBXBuildFile; fileRef = 071F20EC107D1DAF00100E46 /* IminentAppDelegate.m */; };
		E402EC3F12C1552B0074FFA3 /* GalleryViewController.m in Sources */ = {isa = PBXBuildFile; fileRef = E43E2FD5109476CC009D1FF7 /* GalleryViewController.m */; };
		E402EC4012C1552B0074FFA3 /* CatalogViewController.m in Sources */ = {isa = PBXBuildFile; fileRef = E4DEF2EE109AFCF6000A7E5F /* CatalogViewController.m */; };
		E402EC4112C1552B0074FFA3 /* KeyboardViewController.m in Sources */ = {isa = PBXBuildFile; fileRef = E410C9C8109EEEA3007B8615 /* KeyboardViewController.m */; };
		E402EC4212C1552B0074FFA3 /* SubCategoryViewController.m in Sources */ = {isa = PBXBuildFile; fileRef = E410C9D7109F064E007B8615 /* SubCategoryViewController.m */; };
		E402EC4312C1552B0074FFA3 /* LocalStorage.m in Sources */ = {isa = PBXBuildFile; fileRef = E429397910B432F600ECB3E5 /* LocalStorage.m */; };
		E402EC4412C1552B0074FFA3 /* CacheResource.m in Sources */ = {isa = PBXBuildFile; fileRef = E4E0358110B5E22C00548313 /* CacheResource.m */; };
		E402EC4512C1552B0074FFA3 /* Section.m in Sources */ = {isa = PBXBuildFile; fileRef = E4FF3C5E10BABC050094FBA7 /* Section.m */; };
		E402EC4612C1552B0074FFA3 /* Category.m in Sources */ = {isa = PBXBuildFile; fileRef = E4FF3C6110BABCF60094FBA7 /* Category.m */; };
		E402EC4712C1552B0074FFA3 /* HelpViewController.m in Sources */ = {isa = PBXBuildFile; fileRef = E40E5B6910C01F3B00E0C0E4 /* HelpViewController.m */; };
		E402EC4812C1552B0074FFA3 /* Utilities.m in Sources */ = {isa = PBXBuildFile; fileRef = E4BE64CD10CEB61D00041F7C /* Utilities.m */; };
		E402EC4912C1552B0074FFA3 /* KeyView.m in Sources */ = {isa = PBXBuildFile; fileRef = E4E4D9AC10DAB6EE00458BA9 /* KeyView.m */; };
		E402EC4A12C1552B0074FFA3 /* AssetView.m in Sources */ = {isa = PBXBuildFile; fileRef = E4E4D9AF10DAB70400458BA9 /* AssetView.m */; };
		E402EC4B12C1552B0074FFA3 /* ioapi.c in Sources */ = {isa = PBXBuildFile; fileRef = E4DF645C11D6749B00A14CC2 /* ioapi.c */; };
		E402EC4C12C1552B0074FFA3 /* mztools.c in Sources */ = {isa = PBXBuildFile; fileRef = E4DF645E11D6749B00A14CC2 /* mztools.c */; };
		E402EC4D12C1552B0074FFA3 /* unzip.c in Sources */ = {isa = PBXBuildFile; fileRef = E4DF646011D6749B00A14CC2 /* unzip.c */; };
		E402EC4E12C1552B0074FFA3 /* zip.c in Sources */ = {isa = PBXBuildFile; fileRef = E4DF646211D6749B00A14CC2 /* zip.c */; };
		E402EC4F12C1552B0074FFA3 /* ZipArchive.mm in Sources */ = {isa = PBXBuildFile; fileRef = E4DF646511D6749B00A14CC2 /* ZipArchive.mm */; };
		E402EC5012C1552B0074FFA3 /* ZoozzConnection.m in Sources */ = {isa = PBXBuildFile; fileRef = E4DD7F7811E31AB400C8F418 /* ZoozzConnection.m */; };
		E402EC5112C1552B0074FFA3 /* ZoozzADBannerView.m in Sources */ = {isa = PBXBuildFile; fileRef = E4B67D5411F5785A0092BBC7 /* ZoozzADBannerView.m */; };
		E402EC5212C1552B0074FFA3 /* CDataScanner.m in Sources */ = {isa = PBXBuildFile; fileRef = E49578F9123FC36D0025EDEC /* CDataScanner.m */; };
		E402EC5312C1552B0074FFA3 /* CDataScanner_Extensions.m in Sources */ = {isa = PBXBuildFile; fileRef = E49578FC123FC36D0025EDEC /* CDataScanner_Extensions.m */; };
		E402EC5412C1552B0074FFA3 /* NSCharacterSet_Extensions.m in Sources */ = {isa = PBXBuildFile; fileRef = E49578FE123FC36D0025EDEC /* NSCharacterSet_Extensions.m */; };
		E402EC5512C1552B0074FFA3 /* NSDictionary_JSONExtensions.m in Sources */ = {isa = PBXBuildFile; fileRef = E4957900123FC36D0025EDEC /* NSDictionary_JSONExtensions.m */; };
		E402EC5612C1552B0074FFA3 /* NSScanner_Extensions.m in Sources */ = {isa = PBXBuildFile; fileRef = E4957902123FC36D0025EDEC /* NSScanner_Extensions.m */; };
		E402EC5712C1552B0074FFA3 /* CJSONDataSerializer.m in Sources */ = {isa = PBXBuildFile; fileRef = E4957905123FC36D0025EDEC /* CJSONDataSerializer.m */; };
		E402EC5812C1552B0074FFA3 /* CJSONDeserializer.m in Sources */ = {isa = PBXBuildFile; fileRef = E4957907123FC36D0025EDEC /* CJSONDeserializer.m */; };
		E402EC5912C1552B0074FFA3 /* CJSONScanner.m in Sources */ = {isa = PBXBuildFile; fileRef = E4957909123FC36D0025EDEC /* CJSONScanner.m */; };
		E402EC5A12C1552B0074FFA3 /* CJSONSerializer.m in Sources */ = {isa = PBXBuildFile; fileRef = E495790B123FC36D0025EDEC /* CJSONSerializer.m */; };
		E402EC5B12C1552B0074FFA3 /* CSerializedJSONData.m in Sources */ = {isa = PBXBuildFile; fileRef = E495790D123FC36D0025EDEC /* CSerializedJSONData.m */; };
		E402EC5D12C1552B0074FFA3 /* Foundation.framework in Frameworks */ = {isa = PBXBuildFile; fileRef = 1D30AB110D05D00D00671497 /* Foundation.framework */; };
		E402EC5E12C1552B0074FFA3 /* UIKit.framework in Frameworks */ = {isa = PBXBuildFile; fileRef = 1DF5F4DF0D08C38300B7A737 /* UIKit.framework */; };
		E402EC5F12C1552B0074FFA3 /* CoreGraphics.framework in Frameworks */ = {isa = PBXBuildFile; fileRef = 288765A40DF7441C002DB57D /* CoreGraphics.framework */; };
		E402EC6012C1552B0074FFA3 /* MediaPlayer.framework in Frameworks */ = {isa = PBXBuildFile; fileRef = E4DEF342109B2217000A7E5F /* MediaPlayer.framework */; };
		E402EC6112C1552B0074FFA3 /* MessageUI.framework in Frameworks */ = {isa = PBXBuildFile; fileRef = E4DEF356109B22BE000A7E5F /* MessageUI.framework */; };
		E402EC6212C1552B0074FFA3 /* StoreKit.framework in Frameworks */ = {isa = PBXBuildFile; fileRef = E4D2589F10A8D8C10057C07C /* StoreKit.framework */; };
		E402EC6312C1552B0074FFA3 /* AudioToolbox.framework in Frameworks */ = {isa = PBXBuildFile; fileRef = E4E8F81910C0802400603DA6 /* AudioToolbox.framework */; };
		E402EC6412C1552B0074FFA3 /* SystemConfiguration.framework in Frameworks */ = {isa = PBXBuildFile; fileRef = E44A237010C151170028F730 /* SystemConfiguration.framework */; };
		E402EC6512C1552B0074FFA3 /* libz.dylib in Frameworks */ = {isa = PBXBuildFile; fileRef = E4DF64AA11D679A900A14CC2 /* libz.dylib */; };
		E402EC6612C1552B0074FFA3 /* MobileCoreServices.framework in Frameworks */ = {isa = PBXBuildFile; fileRef = E44972EB11D9FA2F00C86C02 /* MobileCoreServices.framework */; };
		E402EC6712C1552B0074FFA3 /* iAd.framework in Frameworks */ = {isa = PBXBuildFile; fileRef = E4B442B511DFCF6D006C0D26 /* iAd.framework */; settings = {ATTRIBUTES = (Weak, ); }; };
		E402EC6812C1552B0074FFA3 /* libAdMob.a in Frameworks */ = {isa = PBXBuildFile; fileRef = E49578C6123FC2280025EDEC /* libAdMob.a */; };
		E402EC6912C1552B0074FFA3 /* QuartzCore.framework in Frameworks */ = {isa = PBXBuildFile; fileRef = E48AC0CA12635637006CA029 /* QuartzCore.framework */; };
/* End PBXBuildFile section */

/* Begin PBXFileReference section */
		071F20C7107D116300100E46 /* Asset.h */ = {isa = PBXFileReference; fileEncoding = 4; lastKnownFileType = sourcecode.c.h; path = Asset.h; sourceTree = "<group>"; };
		071F20C8107D116300100E46 /* Asset.m */ = {isa = PBXFileReference; fileEncoding = 4; lastKnownFileType = sourcecode.c.objc; path = Asset.m; sourceTree = "<group>"; };
		071F20CF107D116300100E46 /* XMLParser.h */ = {isa = PBXFileReference; fileEncoding = 4; lastKnownFileType = sourcecode.c.h; path = XMLParser.h; sourceTree = "<group>"; };
		071F20D0107D116300100E46 /* XMLParser.m */ = {isa = PBXFileReference; fileEncoding = 4; lastKnownFileType = sourcecode.c.objc; path = XMLParser.m; sourceTree = "<group>"; };
		071F20EB107D1DAF00100E46 /* IminentAppDelegate.h */ = {isa = PBXFileReference; fileEncoding = 4; lastKnownFileType = sourcecode.c.h; path = IminentAppDelegate.h; sourceTree = "<group>"; };
		071F20EC107D1DAF00100E46 /* IminentAppDelegate.m */ = {isa = PBXFileReference; fileEncoding = 4; lastKnownFileType = sourcecode.c.objc; path = IminentAppDelegate.m; sourceTree = "<group>"; };
		1D30AB110D05D00D00671497 /* Foundation.framework */ = {isa = PBXFileReference; lastKnownFileType = wrapper.framework; name = Foundation.framework; path = System/Library/Frameworks/Foundation.framework; sourceTree = SDKROOT; };
		1DF5F4DF0D08C38300B7A737 /* UIKit.framework */ = {isa = PBXFileReference; lastKnownFileType = wrapper.framework; name = UIKit.framework; path = System/Library/Frameworks/UIKit.framework; sourceTree = SDKROOT; };
		288765A40DF7441C002DB57D /* CoreGraphics.framework */ = {isa = PBXFileReference; lastKnownFileType = wrapper.framework; name = CoreGraphics.framework; path = System/Library/Frameworks/CoreGraphics.framework; sourceTree = SDKROOT; };
		28D7ACF60DDB3853001CB0EB /* MessagesViewController.h */ = {isa = PBXFileReference; fileEncoding = 4; lastKnownFileType = sourcecode.c.h; name = MessagesViewController.h; path = Classes/MessagesViewController.h; sourceTree = "<group>"; };
		28D7ACF70DDB3853001CB0EB /* MessagesViewController.m */ = {isa = PBXFileReference; fileEncoding = 4; lastKnownFileType = sourcecode.c.objc; name = MessagesViewController.m; path = Classes/MessagesViewController.m; sourceTree = "<group>"; };
		29B97316FDCFA39411CA2CEA /* main.m */ = {isa = PBXFileReference; fileEncoding = 4; lastKnownFileType = sourcecode.c.objc; path = main.m; sourceTree = "<group>"; };
		E40109F110EB769800111696 /* Settings.bundle */ = {isa = PBXFileReference; lastKnownFileType = "wrapper.plug-in"; path = Settings.bundle; sourceTree = "<group>"; };
		E402EC6E12C1552B0074FFA3 /* Emoji2011.app */ = {isa = PBXFileReference; explicitFileType = wrapper.application; includeInIndex = 0; path = Emoji2011.app; sourceTree = BUILT_PRODUCTS_DIR; };
		E4046CF610B880260023DB0F /* VideoPlayer.h */ = {isa = PBXFileReference; fileEncoding = 4; lastKnownFileType = sourcecode.c.h; name = VideoPlayer.h; path = Classes/VideoPlayer.h; sourceTree = "<group>"; };
		E4046CF710B880260023DB0F /* VideoPlayer.m */ = {isa = PBXFileReference; fileEncoding = 4; lastKnownFileType = sourcecode.c.objc; name = VideoPlayer.m; path = Classes/VideoPlayer.m; sourceTree = "<group>"; };
		E40C800711E706E5005AAE1A /* button-NEW-selected.png */ = {isa = PBXFileReference; lastKnownFileType = image.png; path = "button-NEW-selected.png"; sourceTree = "<group>"; };
		E40C800811E706E5005AAE1A /* button-NEW.png */ = {isa = PBXFileReference; lastKnownFileType = image.png; path = "button-NEW.png"; sourceTree = "<group>"; };
		E40E5B6810C01F3B00E0C0E4 /* HelpViewController.h */ = {isa = PBXFileReference; fileEncoding = 4; lastKnownFileType = sourcecode.c.h; path = HelpViewController.h; sourceTree = "<group>"; };
		E40E5B6910C01F3B00E0C0E4 /* HelpViewController.m */ = {isa = PBXFileReference; fileEncoding = 4; lastKnownFileType = sourcecode.c.objc; path = HelpViewController.m; sourceTree = "<group>"; };
		E410C836109E16FD007B8615 /* button-hey-selected.png */ = {isa = PBXFileReference; lastKnownFileType = image.png; path = "button-hey-selected.png"; sourceTree = "<group>"; };
		E410C837109E16FD007B8615 /* button-hey.png */ = {isa = PBXFileReference; lastKnownFileType = image.png; path = "button-hey.png"; sourceTree = "<group>"; };
		E410C838109E16FD007B8615 /* button-joke-selected.png */ = {isa = PBXFileReference; lastKnownFileType = image.png; path = "button-joke-selected.png"; sourceTree = "<group>"; };
		E410C839109E16FD007B8615 /* button-joke.png */ = {isa = PBXFileReference; lastKnownFileType = image.png; path = "button-joke.png"; sourceTree = "<group>"; };
		E410C83A109E16FD007B8615 /* button-love-selected.png */ = {isa = PBXFileReference; lastKnownFileType = image.png; path = "button-love-selected.png"; sourceTree = "<group>"; };
		E410C83B109E16FD007B8615 /* button-love.png */ = {isa = PBXFileReference; lastKnownFileType = image.png; path = "button-love.png"; sourceTree = "<group>"; };
		E410C9C7109EEEA3007B8615 /* KeyboardViewController.h */ = {isa = PBXFileReference; fileEncoding = 4; lastKnownFileType = sourcecode.c.h; name = KeyboardViewController.h; path = Classes/KeyboardViewController.h; sourceTree = "<group>"; };
		E410C9C8109EEEA3007B8615 /* KeyboardViewController.m */ = {isa = PBXFileReference; fileEncoding = 4; lastKnownFileType = sourcecode.c.objc; name = KeyboardViewController.m; path = Classes/KeyboardViewController.m; sourceTree = "<group>"; };
		E410C9D6109F064E007B8615 /* SubCategoryViewController.h */ = {isa = PBXFileReference; fileEncoding = 4; lastKnownFileType = sourcecode.c.h; name = SubCategoryViewController.h; path = Classes/SubCategoryViewController.h; sourceTree = "<group>"; };
		E410C9D7109F064E007B8615 /* SubCategoryViewController.m */ = {isa = PBXFileReference; fileEncoding = 4; lastKnownFileType = sourcecode.c.objc; name = SubCategoryViewController.m; path = Classes/SubCategoryViewController.m; sourceTree = "<group>"; };
		E421E1AE10BECE4A003DE266 /* button-emoticones-happy-selected.png */ = {isa = PBXFileReference; lastKnownFileType = image.png; path = "button-emoticones-happy-selected.png"; sourceTree = "<group>"; };
		E421E1AF10BECE4A003DE266 /* button-emoticones-happy.png */ = {isa = PBXFileReference; lastKnownFileType = image.png; path = "button-emoticones-happy.png"; sourceTree = "<group>"; };
		E421E1B010BECE4A003DE266 /* button-emoticones-moody-selected.png */ = {isa = PBXFileReference; lastKnownFileType = image.png; path = "button-emoticones-moody-selected.png"; sourceTree = "<group>"; };
		E421E1B110BECE4A003DE266 /* button-emoticones-moody.png */ = {isa = PBXFileReference; lastKnownFileType = image.png; path = "button-emoticones-moody.png"; sourceTree = "<group>"; };
		E421E1B210BECE4A003DE266 /* button-emoticones-nasty-selected.png */ = {isa = PBXFileReference; lastKnownFileType = image.png; path = "button-emoticones-nasty-selected.png"; sourceTree = "<group>"; };
		E421E1B310BECE4A003DE266 /* button-emoticones-nasty.png */ = {isa = PBXFileReference; lastKnownFileType = image.png; path = "button-emoticones-nasty.png"; sourceTree = "<group>"; };
		E42788B210C61111009E6321 /* Blue pin-selected.png */ = {isa = PBXFileReference; lastKnownFileType = image.png; path = "Blue pin-selected.png"; sourceTree = "<group>"; };
		E42788B310C61111009E6321 /* Green2 pin-selected.png */ = {isa = PBXFileReference; lastKnownFileType = image.png; path = "Green2 pin-selected.png"; sourceTree = "<group>"; };
		E42788B410C61111009E6321 /* Red pin-selected.png */ = {isa = PBXFileReference; lastKnownFileType = image.png; path = "Red pin-selected.png"; sourceTree = "<group>"; };
		E42788B510C61111009E6321 /* Yellow pin-selected.png */ = {isa = PBXFileReference; lastKnownFileType = image.png; path = "Yellow pin-selected.png"; sourceTree = "<group>"; };
		E429397810B432F600ECB3E5 /* LocalStorage.h */ = {isa = PBXFileReference; fileEncoding = 4; lastKnownFileType = sourcecode.c.h; path = LocalStorage.h; sourceTree = "<group>"; };
		E429397910B432F600ECB3E5 /* LocalStorage.m */ = {isa = PBXFileReference; fileEncoding = 4; lastKnownFileType = sourcecode.c.objc; path = LocalStorage.m; sourceTree = "<group>"; };
		E42B4F5710BCA6DA0081C43F /* keyboard-background.png */ = {isa = PBXFileReference; lastKnownFileType = image.png; path = "keyboard-background.png"; sourceTree = "<group>"; };
		E42B4F5810BCA6DA0081C43F /* keyboard-overlay.png */ = {isa = PBXFileReference; lastKnownFileType = image.png; path = "keyboard-overlay.png"; sourceTree = "<group>"; };
		E43E2F7B1094743D009D1FF7 /* IMBooster_Prefix.pch */ = {isa = PBXFileReference; fileEncoding = 4; lastKnownFileType = sourcecode.c.h; path = IMBooster_Prefix.pch; sourceTree = "<group>"; };
		E43E2FD4109476CC009D1FF7 /* GalleryViewController.h */ = {isa = PBXFileReference; fileEncoding = 4; lastKnownFileType = sourcecode.c.h; name = GalleryViewController.h; path = Classes/GalleryViewController.h; sourceTree = "<group>"; };
		E43E2FD5109476CC009D1FF7 /* GalleryViewController.m */ = {isa = PBXFileReference; fileEncoding = 4; lastKnownFileType = sourcecode.c.objc; name = GalleryViewController.m; path = Classes/GalleryViewController.m; sourceTree = "<group>"; };
		E448ED5910F141EE003C61A0 /* ZoozzEvent.h */ = {isa = PBXFileReference; fileEncoding = 4; lastKnownFileType = sourcecode.c.h; path = ZoozzEvent.h; sourceTree = "<group>"; };
		E448ED5A10F141EE003C61A0 /* ZoozzEvent.m */ = {isa = PBXFileReference; fileEncoding = 4; lastKnownFileType = sourcecode.c.objc; path = ZoozzEvent.m; sourceTree = "<group>"; };
		E4491EAF11BB7E1200BD26EE /* Icon.png */ = {isa = PBXFileReference; lastKnownFileType = image.png; path = Icon.png; sourceTree = "<group>"; };
		E4491EB611BB804500BD26EE /* Default.png */ = {isa = PBXFileReference; lastKnownFileType = image.png; path = Default.png; sourceTree = "<group>"; };
		E44972EB11D9FA2F00C86C02 /* MobileCoreServices.framework */ = {isa = PBXFileReference; lastKnownFileType = wrapper.framework; name = MobileCoreServices.framework; path = System/Library/Frameworks/MobileCoreServices.framework; sourceTree = SDKROOT; };
		E44A237010C151170028F730 /* SystemConfiguration.framework */ = {isa = PBXFileReference; lastKnownFileType = wrapper.framework; name = SystemConfiguration.framework; path = System/Library/Frameworks/SystemConfiguration.framework; sourceTree = SDKROOT; };
		E44D706510EA71BB00964A59 /* ContentView.h */ = {isa = PBXFileReference; fileEncoding = 4; lastKnownFileType = sourcecode.c.h; path = ContentView.h; sourceTree = "<group>"; };
		E44D706610EA71BB00964A59 /* ContentView.m */ = {isa = PBXFileReference; fileEncoding = 4; lastKnownFileType = sourcecode.c.objc; path = ContentView.m; sourceTree = "<group>"; };
		E462356B109CE32100B890F8 /* ServiceViewController.h */ = {isa = PBXFileReference; fileEncoding = 4; lastKnownFileType = sourcecode.c.h; name = ServiceViewController.h; path = Classes/ServiceViewController.h; sourceTree = "<group>"; };
		E462356C109CE32100B890F8 /* ServiceViewController.m */ = {isa = PBXFileReference; fileEncoding = 4; lastKnownFileType = sourcecode.c.objc; name = ServiceViewController.m; path = Classes/ServiceViewController.m; sourceTree = "<group>"; };
		E464A3F410F4ADC8009B8C61 /* ZoozzMacros.h */ = {isa = PBXFileReference; fileEncoding = 4; lastKnownFileType = sourcecode.c.h; path = ZoozzMacros.h; sourceTree = "<group>"; };
		E4772B1710BB1B9100A07EB0 /* AddContentToMessage--Touched.png */ = {isa = PBXFileReference; lastKnownFileType = image.png; path = "AddContentToMessage--Touched.png"; sourceTree = "<group>"; };
		E4772B1810BB1B9100A07EB0 /* AddContentToMessage-Normal.png */ = {isa = PBXFileReference; lastKnownFileType = image.png; path = "AddContentToMessage-Normal.png"; sourceTree = "<group>"; };
		E4772B1910BB1B9100A07EB0 /* GoToGalery-Normal.png */ = {isa = PBXFileReference; lastKnownFileType = image.png; path = "GoToGalery-Normal.png"; sourceTree = "<group>"; };
		E4772B1A10BB1B9100A07EB0 /* GoToGalery-Touched.png */ = {isa = PBXFileReference; lastKnownFileType = image.png; path = "GoToGalery-Touched.png"; sourceTree = "<group>"; };
		E4772B1B10BB1B9100A07EB0 /* SendMessage-Normal.png */ = {isa = PBXFileReference; lastKnownFileType = image.png; path = "SendMessage-Normal.png"; sourceTree = "<group>"; };
		E4772B1C10BB1B9100A07EB0 /* SendMessage-Touched.png */ = {isa = PBXFileReference; lastKnownFileType = image.png; path = "SendMessage-Touched.png"; sourceTree = "<group>"; };
		E48AC0CA12635637006CA029 /* QuartzCore.framework */ = {isa = PBXFileReference; lastKnownFileType = wrapper.framework; name = QuartzCore.framework; path = System/Library/Frameworks/QuartzCore.framework; sourceTree = SDKROOT; };
		E49578C4123FC2280025EDEC /* AdMobDelegateProtocol.h */ = {isa = PBXFileReference; fileEncoding = 4; lastKnownFileType = sourcecode.c.h; path = AdMobDelegateProtocol.h; sourceTree = "<group>"; };
		E49578C5123FC2280025EDEC /* AdMobView.h */ = {isa = PBXFileReference; fileEncoding = 4; lastKnownFileType = sourcecode.c.h; path = AdMobView.h; sourceTree = "<group>"; };
		E49578C6123FC2280025EDEC /* libAdMob.a */ = {isa = PBXFileReference; lastKnownFileType = archive.ar; path = libAdMob.a; sourceTree = "<group>"; };
		E49578F8123FC36D0025EDEC /* CDataScanner.h */ = {isa = PBXFileReference; fileEncoding = 4; lastKnownFileType = sourcecode.c.h; path = CDataScanner.h; sourceTree = "<group>"; };
		E49578F9123FC36D0025EDEC /* CDataScanner.m */ = {isa = PBXFileReference; fileEncoding = 4; lastKnownFileType = sourcecode.c.objc; path = CDataScanner.m; sourceTree = "<group>"; };
		E49578FB123FC36D0025EDEC /* CDataScanner_Extensions.h */ = {isa = PBXFileReference; fileEncoding = 4; lastKnownFileType = sourcecode.c.h; path = CDataScanner_Extensions.h; sourceTree = "<group>"; };
		E49578FC123FC36D0025EDEC /* CDataScanner_Extensions.m */ = {isa = PBXFileReference; fileEncoding = 4; lastKnownFileType = sourcecode.c.objc; path = CDataScanner_Extensions.m; sourceTree = "<group>"; };
		E49578FD123FC36D0025EDEC /* NSCharacterSet_Extensions.h */ = {isa = PBXFileReference; fileEncoding = 4; lastKnownFileType = sourcecode.c.h; path = NSCharacterSet_Extensions.h; sourceTree = "<group>"; };
		E49578FE123FC36D0025EDEC /* NSCharacterSet_Extensions.m */ = {isa = PBXFileReference; fileEncoding = 4; lastKnownFileType = sourcecode.c.objc; path = NSCharacterSet_Extensions.m; sourceTree = "<group>"; };
		E49578FF123FC36D0025EDEC /* NSDictionary_JSONExtensions.h */ = {isa = PBXFileReference; fileEncoding = 4; lastKnownFileType = sourcecode.c.h; path = NSDictionary_JSONExtensions.h; sourceTree = "<group>"; };
		E4957900123FC36D0025EDEC /* NSDictionary_JSONExtensions.m */ = {isa = PBXFileReference; fileEncoding = 4; lastKnownFileType = sourcecode.c.objc; path = NSDictionary_JSONExtensions.m; sourceTree = "<group>"; };
		E4957901123FC36D0025EDEC /* NSScanner_Extensions.h */ = {isa = PBXFileReference; fileEncoding = 4; lastKnownFileType = sourcecode.c.h; path = NSScanner_Extensions.h; sourceTree = "<group>"; };
		E4957902123FC36D0025EDEC /* NSScanner_Extensions.m */ = {isa = PBXFileReference; fileEncoding = 4; lastKnownFileType = sourcecode.c.objc; path = NSScanner_Extensions.m; sourceTree = "<group>"; };
		E4957904123FC36D0025EDEC /* CJSONDataSerializer.h */ = {isa = PBXFileReference; fileEncoding = 4; lastKnownFileType = sourcecode.c.h; path = CJSONDataSerializer.h; sourceTree = "<group>"; };
		E4957905123FC36D0025EDEC /* CJSONDataSerializer.m */ = {isa = PBXFileReference; fileEncoding = 4; lastKnownFileType = sourcecode.c.objc; path = CJSONDataSerializer.m; sourceTree = "<group>"; };
		E4957906123FC36D0025EDEC /* CJSONDeserializer.h */ = {isa = PBXFileReference; fileEncoding = 4; lastKnownFileType = sourcecode.c.h; path = CJSONDeserializer.h; sourceTree = "<group>"; };
		E4957907123FC36D0025EDEC /* CJSONDeserializer.m */ = {isa = PBXFileReference; fileEncoding = 4; lastKnownFileType = sourcecode.c.objc; path = CJSONDeserializer.m; sourceTree = "<group>"; };
		E4957908123FC36D0025EDEC /* CJSONScanner.h */ = {isa = PBXFileReference; fileEncoding = 4; lastKnownFileType = sourcecode.c.h; path = CJSONScanner.h; sourceTree = "<group>"; };
		E4957909123FC36D0025EDEC /* CJSONScanner.m */ = {isa = PBXFileReference; fileEncoding = 4; lastKnownFileType = sourcecode.c.objc; path = CJSONScanner.m; sourceTree = "<group>"; };
		E495790A123FC36D0025EDEC /* CJSONSerializer.h */ = {isa = PBXFileReference; fileEncoding = 4; lastKnownFileType = sourcecode.c.h; path = CJSONSerializer.h; sourceTree = "<group>"; };
		E495790B123FC36D0025EDEC /* CJSONSerializer.m */ = {isa = PBXFileReference; fileEncoding = 4; lastKnownFileType = sourcecode.c.objc; path = CJSONSerializer.m; sourceTree = "<group>"; };
		E495790C123FC36D0025EDEC /* CSerializedJSONData.h */ = {isa = PBXFileReference; fileEncoding = 4; lastKnownFileType = sourcecode.c.h; path = CSerializedJSONData.h; sourceTree = "<group>"; };
		E495790D123FC36D0025EDEC /* CSerializedJSONData.m */ = {isa = PBXFileReference; fileEncoding = 4; lastKnownFileType = sourcecode.c.objc; path = CSerializedJSONData.m; sourceTree = "<group>"; };
		E49E15F010DE8B8600DFF5DE /* new.png */ = {isa = PBXFileReference; lastKnownFileType = image.png; path = new.png; sourceTree = "<group>"; };
		E49E1C1010C487C600E00BE4 /* Click.caf */ = {isa = PBXFileReference; lastKnownFileType = file; path = Click.caf; sourceTree = "<group>"; };
		E49E1C1810C4897800E00BE4 /* Green2 pin.png */ = {isa = PBXFileReference; lastKnownFileType = image.png; path = "Green2 pin.png"; sourceTree = "<group>"; };
		E49E1C1A10C489EA00E00BE4 /* gallery-lock.png */ = {isa = PBXFileReference; lastKnownFileType = image.png; path = "gallery-lock.png"; sourceTree = "<group>"; };
		E49E1C1C10C48B0F00E00BE4 /* keyboard-lock.png */ = {isa = PBXFileReference; lastKnownFileType = image.png; path = "keyboard-lock.png"; sourceTree = "<group>"; };
		E49E1C2110C48C2D00E00BE4 /* navigator.png */ = {isa = PBXFileReference; lastKnownFileType = image.png; path = navigator.png; sourceTree = "<group>"; };
		E49E1D4410C4A56E00E00BE4 /* en */ = {isa = PBXFileReference; fileEncoding = 4; lastKnownFileType = text.plist.strings; name = en; path = en.lproj/Localizable.strings; sourceTree = "<group>"; };
		E4A6A86910C437DE00913CF8 /* StoreViewController.h */ = {isa = PBXFileReference; fileEncoding = 4; lastKnownFileType = sourcecode.c.h; path = StoreViewController.h; sourceTree = "<group>"; };
		E4A6A86A10C437DE00913CF8 /* StoreViewController.m */ = {isa = PBXFileReference; fileEncoding = 4; lastKnownFileType = sourcecode.c.objc; path = StoreViewController.m; sourceTree = "<group>"; };
		E4B442B511DFCF6D006C0D26 /* iAd.framework */ = {isa = PBXFileReference; lastKnownFileType = wrapper.framework; name = iAd.framework; path = System/Library/Frameworks/iAd.framework; sourceTree = SDKROOT; };
		E4B67D5311F5785A0092BBC7 /* ZoozzADBannerView.h */ = {isa = PBXFileReference; fileEncoding = 4; lastKnownFileType = sourcecode.c.h; path = ZoozzADBannerView.h; sourceTree = "<group>"; };
		E4B67D5411F5785A0092BBC7 /* ZoozzADBannerView.m */ = {isa = PBXFileReference; fileEncoding = 4; lastKnownFileType = sourcecode.c.objc; path = ZoozzADBannerView.m; sourceTree = "<group>"; };
		E4BBB07C10C5763000A8E357 /* CatalogViewController.xib */ = {isa = PBXFileReference; lastKnownFileType = file.xib; path = CatalogViewController.xib; sourceTree = "<group>"; };
		E4BBB07D10C5763000A8E357 /* GalleryViewController.xib */ = {isa = PBXFileReference; lastKnownFileType = file.xib; path = GalleryViewController.xib; sourceTree = "<group>"; };
		E4BBB07E10C5763000A8E357 /* HelpViewController.xib */ = {isa = PBXFileReference; lastKnownFileType = file.xib; path = HelpViewController.xib; sourceTree = "<group>"; };
		E4BBB07F10C5763000A8E357 /* MainWindow.xib */ = {isa = PBXFileReference; lastKnownFileType = file.xib; path = MainWindow.xib; sourceTree = "<group>"; };
		E4BBB08010C5763000A8E357 /* MessagesViewController.xib */ = {isa = PBXFileReference; lastKnownFileType = file.xib; path = MessagesViewController.xib; sourceTree = "<group>"; };
		E4BBB08110C5763000A8E357 /* ServiceViewController.xib */ = {isa = PBXFileReference; lastKnownFileType = file.xib; path = ServiceViewController.xib; sourceTree = "<group>"; };
		E4BBB08210C5763000A8E357 /* StoreViewController.xib */ = {isa = PBXFileReference; lastKnownFileType = file.xib; path = StoreViewController.xib; sourceTree = "<group>"; };
		E4BBB08310C5763000A8E357 /* SubCategoryViewController.xib */ = {isa = PBXFileReference; lastKnownFileType = file.xib; path = SubCategoryViewController.xib; sourceTree = "<group>"; };
		E4BBB08C10C5767E00A8E357 /* es */ = {isa = PBXFileReference; lastKnownFileType = text.plist.strings; name = es; path = es.lproj/Localizable.strings; sourceTree = "<group>"; };
		E4BBB08D10C5767E00A8E357 /* fr */ = {isa = PBXFileReference; lastKnownFileType = text.plist.strings; name = fr; path = fr.lproj/Localizable.strings; sourceTree = "<group>"; };
		E4BBB08E10C5767E00A8E357 /* it */ = {isa = PBXFileReference; lastKnownFileType = text.plist.strings; name = it; path = it.lproj/Localizable.strings; sourceTree = "<group>"; };
		E4BBB08F10C5767E00A8E357 /* pt */ = {isa = PBXFileReference; lastKnownFileType = text.plist.strings; name = pt; path = pt.lproj/Localizable.strings; sourceTree = "<group>"; };
		E4BBB09010C5767E00A8E357 /* ro */ = {isa = PBXFileReference; lastKnownFileType = text.plist.strings; name = ro; path = ro.lproj/Localizable.strings; sourceTree = "<group>"; };
		E4BE520F10A9D15400EDA49C /* Background galery -  simple.png */ = {isa = PBXFileReference; lastKnownFileType = image.png; path = "Background galery -  simple.png"; sourceTree = "<group>"; };
		E4BE521010A9D15400EDA49C /* Blue pin.png */ = {isa = PBXFileReference; lastKnownFileType = image.png; path = "Blue pin.png"; sourceTree = "<group>"; };
		E4BE521110A9D15400EDA49C /* Green pin.png */ = {isa = PBXFileReference; lastKnownFileType = image.png; path = "Green pin.png"; sourceTree = "<group>"; };
		E4BE521210A9D15400EDA49C /* Red pin.png */ = {isa = PBXFileReference; lastKnownFileType = image.png; path = "Red pin.png"; sourceTree = "<group>"; };
		E4BE521310A9D15400EDA49C /* Yellow pin.png */ = {isa = PBXFileReference; lastKnownFileType = image.png; path = "Yellow pin.png"; sourceTree = "<group>"; };
		E4BE64CC10CEB61D00041F7C /* Utilities.h */ = {isa = PBXFileReference; fileEncoding = 4; lastKnownFileType = sourcecode.c.h; path = Utilities.h; sourceTree = "<group>"; };
		E4BE64CD10CEB61D00041F7C /* Utilities.m */ = {isa = PBXFileReference; fileEncoding = 4; lastKnownFileType = sourcecode.c.objc; path = Utilities.m; sourceTree = "<group>"; };
		E4BF47B510A7800900458CF8 /* MyOverlayView.h */ = {isa = PBXFileReference; fileEncoding = 4; lastKnownFileType = sourcecode.c.h; name = MyOverlayView.h; path = Classes/MyOverlayView.h; sourceTree = "<group>"; };
		E4BF47B610A7800900458CF8 /* MyOverlayView.m */ = {isa = PBXFileReference; fileEncoding = 4; lastKnownFileType = sourcecode.c.objc; name = MyOverlayView.m; path = Classes/MyOverlayView.m; sourceTree = "<group>"; };
		E4BF482610A78B0200458CF8 /* Back.png */ = {isa = PBXFileReference; lastKnownFileType = image.png; path = Back.png; sourceTree = "<group>"; };
		E4C1276710B745690092B453 /* button-help-selected.png */ = {isa = PBXFileReference; lastKnownFileType = image.png; path = "button-help-selected.png"; sourceTree = "<group>"; };
		E4C1276810B745690092B453 /* button-help.png */ = {isa = PBXFileReference; lastKnownFileType = image.png; path = "button-help.png"; sourceTree = "<group>"; };
		E4C1276910B745690092B453 /* button-wink-selected.png */ = {isa = PBXFileReference; lastKnownFileType = image.png; path = "button-wink-selected.png"; sourceTree = "<group>"; };
		E4C1276A10B745690092B453 /* button-wink.png */ = {isa = PBXFileReference; lastKnownFileType = image.png; path = "button-wink.png"; sourceTree = "<group>"; };
		E4C1277A10B745690092B453 /* Send-content-to-composer-disable.png */ = {isa = PBXFileReference; lastKnownFileType = image.png; path = "Send-content-to-composer-disable.png"; sourceTree = "<group>"; };
		E4C1277F10B745690092B453 /* Toggle-Emos-touched.png */ = {isa = PBXFileReference; lastKnownFileType = image.png; path = "Toggle-Emos-touched.png"; sourceTree = "<group>"; };
		E4C1278010B745690092B453 /* Toggle-Emos.png */ = {isa = PBXFileReference; lastKnownFileType = image.png; path = "Toggle-Emos.png"; sourceTree = "<group>"; };
		E4C1278110B745690092B453 /* Toggle-keyb-touched.png */ = {isa = PBXFileReference; lastKnownFileType = image.png; path = "Toggle-keyb-touched.png"; sourceTree = "<group>"; };
		E4C1278210B745690092B453 /* Toggle-keyb.png */ = {isa = PBXFileReference; lastKnownFileType = image.png; path = "Toggle-keyb.png"; sourceTree = "<group>"; };
		E4C2FC3A1120507200BD2FB6 /* IMBoosterPlus-Info.plist */ = {isa = PBXFileReference; fileEncoding = 4; lastKnownFileType = text.plist.xml; path = "IMBoosterPlus-Info.plist"; sourceTree = "<group>"; };
		E4C70BDA1226AA4D00CCCF2D /* ConditionaliOS.h */ = {isa = PBXFileReference; fileEncoding = 4; lastKnownFileType = sourcecode.c.h; path = ConditionaliOS.h; sourceTree = "<group>"; };
		E4D2589F10A8D8C10057C07C /* StoreKit.framework */ = {isa = PBXFileReference; lastKnownFileType = wrapper.framework; name = StoreKit.framework; path = System/Library/Frameworks/StoreKit.framework; sourceTree = SDKROOT; };
		E4DD7F7711E31AB400C8F418 /* ZoozzConnection.h */ = {isa = PBXFileReference; fileEncoding = 4; lastKnownFileType = sourcecode.c.h; path = ZoozzConnection.h; sourceTree = "<group>"; };
		E4DD7F7811E31AB400C8F418 /* ZoozzConnection.m */ = {isa = PBXFileReference; fileEncoding = 4; lastKnownFileType = sourcecode.c.objc; path = ZoozzConnection.m; sourceTree = "<group>"; };
		E4DEF2ED109AFCF6000A7E5F /* CatalogViewController.h */ = {isa = PBXFileReference; fileEncoding = 4; lastKnownFileType = sourcecode.c.h; name = CatalogViewController.h; path = Classes/CatalogViewController.h; sourceTree = "<group>"; };
		E4DEF2EE109AFCF6000A7E5F /* CatalogViewController.m */ = {isa = PBXFileReference; fileEncoding = 4; lastKnownFileType = sourcecode.c.objc; name = CatalogViewController.m; path = Classes/CatalogViewController.m; sourceTree = "<group>"; };
		E4DEF342109B2217000A7E5F /* MediaPlayer.framework */ = {isa = PBXFileReference; lastKnownFileType = wrapper.framework; name = MediaPlayer.framework; path = System/Library/Frameworks/MediaPlayer.framework; sourceTree = SDKROOT; };
		E4DEF356109B22BE000A7E5F /* MessageUI.framework */ = {isa = PBXFileReference; lastKnownFileType = wrapper.framework; name = MessageUI.framework; path = System/Library/Frameworks/MessageUI.framework; sourceTree = SDKROOT; };
		E4DF63F911D63C8900A14CC2 /* precache */ = {isa = PBXFileReference; lastKnownFileType = folder; path = precache; sourceTree = "<group>"; };
		E4DF645B11D6749B00A14CC2 /* crypt.h */ = {isa = PBXFileReference; fileEncoding = 4; lastKnownFileType = sourcecode.c.h; path = crypt.h; sourceTree = "<group>"; };
		E4DF645C11D6749B00A14CC2 /* ioapi.c */ = {isa = PBXFileReference; fileEncoding = 4; lastKnownFileType = sourcecode.c.c; path = ioapi.c; sourceTree = "<group>"; };
		E4DF645D11D6749B00A14CC2 /* ioapi.h */ = {isa = PBXFileReference; fileEncoding = 4; lastKnownFileType = sourcecode.c.h; path = ioapi.h; sourceTree = "<group>"; };
		E4DF645E11D6749B00A14CC2 /* mztools.c */ = {isa = PBXFileReference; fileEncoding = 4; lastKnownFileType = sourcecode.c.c; path = mztools.c; sourceTree = "<group>"; };
		E4DF645F11D6749B00A14CC2 /* mztools.h */ = {isa = PBXFileReference; fileEncoding = 4; lastKnownFileType = sourcecode.c.h; path = mztools.h; sourceTree = "<group>"; };
		E4DF646011D6749B00A14CC2 /* unzip.c */ = {isa = PBXFileReference; fileEncoding = 4; lastKnownFileType = sourcecode.c.c; path = unzip.c; sourceTree = "<group>"; };
		E4DF646111D6749B00A14CC2 /* unzip.h */ = {isa = PBXFileReference; fileEncoding = 4; lastKnownFileType = sourcecode.c.h; path = unzip.h; sourceTree = "<group>"; };
		E4DF646211D6749B00A14CC2 /* zip.c */ = {isa = PBXFileReference; fileEncoding = 4; lastKnownFileType = sourcecode.c.c; path = zip.c; sourceTree = "<group>"; };
		E4DF646311D6749B00A14CC2 /* zip.h */ = {isa = PBXFileReference; fileEncoding = 4; lastKnownFileType = sourcecode.c.h; path = zip.h; sourceTree = "<group>"; };
		E4DF646411D6749B00A14CC2 /* ZipArchive.h */ = {isa = PBXFileReference; fileEncoding = 4; lastKnownFileType = sourcecode.c.h; path = ZipArchive.h; sourceTree = "<group>"; };
		E4DF646511D6749B00A14CC2 /* ZipArchive.mm */ = {isa = PBXFileReference; fileEncoding = 4; lastKnownFileType = sourcecode.cpp.objcpp; path = ZipArchive.mm; sourceTree = "<group>"; };
		E4DF64AA11D679A900A14CC2 /* libz.dylib */ = {isa = PBXFileReference; lastKnownFileType = "compiled.mach-o.dylib"; name = libz.dylib; path = usr/lib/libz.dylib; sourceTree = SDKROOT; };
		E4DFA70F10FE22DE00603A09 /* ZoozzAlert.h */ = {isa = PBXFileReference; fileEncoding = 4; lastKnownFileType = sourcecode.c.h; path = ZoozzAlert.h; sourceTree = "<group>"; };
		E4DFA71010FE22DE00603A09 /* ZoozzAlert.m */ = {isa = PBXFileReference; fileEncoding = 4; lastKnownFileType = sourcecode.c.objc; path = ZoozzAlert.m; sourceTree = "<group>"; };
		E4E0358110B5E22C00548313 /* CacheResource.m */ = {isa = PBXFileReference; fileEncoding = 4; lastKnownFileType = sourcecode.c.objc; path = CacheResource.m; sourceTree = "<group>"; };
		E4E4D83610DA7D1800458BA9 /* CacheResource.h */ = {isa = PBXFileReference; fileEncoding = 4; lastKnownFileType = sourcecode.c.h; path = CacheResource.h; sourceTree = "<group>"; };
		E4E4D85D10DA83EA00458BA9 /* CacheAsset.h */ = {isa = PBXFileReference; fileEncoding = 4; lastKnownFileType = sourcecode.c.h; path = CacheAsset.h; sourceTree = "<group>"; };
		E4E4D88310DA850000458BA9 /* CacheAsset.m */ = {isa = PBXFileReference; fileEncoding = 4; lastKnownFileType = sourcecode.c.objc; path = CacheAsset.m; sourceTree = "<group>"; };
		E4E4D9AB10DAB6EE00458BA9 /* KeyView.h */ = {isa = PBXFileReference; fileEncoding = 4; lastKnownFileType = sourcecode.c.h; name = KeyView.h; path = Classes/KeyView.h; sourceTree = "<group>"; };
		E4E4D9AC10DAB6EE00458BA9 /* KeyView.m */ = {isa = PBXFileReference; fileEncoding = 4; lastKnownFileType = sourcecode.c.objc; name = KeyView.m; path = Classes/KeyView.m; sourceTree = "<group>"; };
		E4E4D9AE10DAB70400458BA9 /* AssetView.h */ = {isa = PBXFileReference; fileEncoding = 4; lastKnownFileType = sourcecode.c.h; name = AssetView.h; path = Classes/AssetView.h; sourceTree = "<group>"; };
		E4E4D9AF10DAB70400458BA9 /* AssetView.m */ = {isa = PBXFileReference; fileEncoding = 4; lastKnownFileType = sourcecode.c.objc; name = AssetView.m; path = Classes/AssetView.m; sourceTree = "<group>"; };
		E4E8F81910C0802400603DA6 /* AudioToolbox.framework */ = {isa = PBXFileReference; lastKnownFileType = wrapper.framework; name = AudioToolbox.framework; path = System/Library/Frameworks/AudioToolbox.framework; sourceTree = SDKROOT; };
		E4FF3C5D10BABC050094FBA7 /* Section.h */ = {isa = PBXFileReference; fileEncoding = 4; lastKnownFileType = sourcecode.c.h; path = Section.h; sourceTree = "<group>"; };
		E4FF3C5E10BABC050094FBA7 /* Section.m */ = {isa = PBXFileReference; fileEncoding = 4; lastKnownFileType = sourcecode.c.objc; path = Section.m; sourceTree = "<group>"; };
		E4FF3C6010BABCF60094FBA7 /* Category.h */ = {isa = PBXFileReference; fileEncoding = 4; lastKnownFileType = sourcecode.c.h; path = Category.h; sourceTree = "<group>"; };
		E4FF3C6110BABCF60094FBA7 /* Category.m */ = {isa = PBXFileReference; fileEncoding = 4; lastKnownFileType = sourcecode.c.objc; path = Category.m; sourceTree = "<group>"; };
/* End PBXFileReference section */

/* Begin PBXFrameworksBuildPhase section */
		E402EC5C12C1552B0074FFA3 /* Frameworks */ = {
			isa = PBXFrameworksBuildPhase;
			buildActionMask = 2147483647;
			files = (
				E402EC5D12C1552B0074FFA3 /* Foundation.framework in Frameworks */,
				E402EC5E12C1552B0074FFA3 /* UIKit.framework in Frameworks */,
				E402EC5F12C1552B0074FFA3 /* CoreGraphics.framework in Frameworks */,
				E402EC6012C1552B0074FFA3 /* MediaPlayer.framework in Frameworks */,
				E402EC6112C1552B0074FFA3 /* MessageUI.framework in Frameworks */,
				E402EC6212C1552B0074FFA3 /* StoreKit.framework in Frameworks */,
				E402EC6312C1552B0074FFA3 /* AudioToolbox.framework in Frameworks */,
				E402EC6412C1552B0074FFA3 /* SystemConfiguration.framework in Frameworks */,
				E402EC6512C1552B0074FFA3 /* libz.dylib in Frameworks */,
				E402EC6612C1552B0074FFA3 /* MobileCoreServices.framework in Frameworks */,
				E402EC6712C1552B0074FFA3 /* iAd.framework in Frameworks */,
				E402EC6812C1552B0074FFA3 /* libAdMob.a in Frameworks */,
				E402EC6912C1552B0074FFA3 /* QuartzCore.framework in Frameworks */,
			);
			runOnlyForDeploymentPostprocessing = 0;
		};
/* End PBXFrameworksBuildPhase section */

/* Begin PBXGroup section */
		071F20E0107D129200100E46 /* Cache */ = {
			isa = PBXGroup;
			children = (
				E4DD7F7711E31AB400C8F418 /* ZoozzConnection.h */,
				E4DD7F7811E31AB400C8F418 /* ZoozzConnection.m */,
				E4E4D83610DA7D1800458BA9 /* CacheResource.h */,
				E4E0358110B5E22C00548313 /* CacheResource.m */,
				E4E4D85D10DA83EA00458BA9 /* CacheAsset.h */,
				E4E4D88310DA850000458BA9 /* CacheAsset.m */,
				071F20C7107D116300100E46 /* Asset.h */,
				071F20C8107D116300100E46 /* Asset.m */,
				E429397810B432F600ECB3E5 /* LocalStorage.h */,
				E429397910B432F600ECB3E5 /* LocalStorage.m */,
				071F20CF107D116300100E46 /* XMLParser.h */,
				071F20D0107D116300100E46 /* XMLParser.m */,
			);
			name = Cache;
			sourceTree = "<group>";
		};
		080E96DDFE201D6D7F000001 /* Classes */ = {
			isa = PBXGroup;
			children = (
				071F20EB107D1DAF00100E46 /* IminentAppDelegate.h */,
				071F20EC107D1DAF00100E46 /* IminentAppDelegate.m */,
				E4BE64CC10CEB61D00041F7C /* Utilities.h */,
				E4BE64CD10CEB61D00041F7C /* Utilities.m */,
				E448ED5910F141EE003C61A0 /* ZoozzEvent.h */,
				E448ED5A10F141EE003C61A0 /* ZoozzEvent.m */,
				E464A3F410F4ADC8009B8C61 /* ZoozzMacros.h */,
				E4C70BDA1226AA4D00CCCF2D /* ConditionaliOS.h */,
				E4DFA70F10FE22DE00603A09 /* ZoozzAlert.h */,
				E4DFA71010FE22DE00603A09 /* ZoozzAlert.m */,
				E4B67D5311F5785A0092BBC7 /* ZoozzADBannerView.h */,
				E4B67D5411F5785A0092BBC7 /* ZoozzADBannerView.m */,
				E429397B10B4330F00ECB3E5 /* Store */,
				071F20E0107D129200100E46 /* Cache */,
				E4FF3C5C10BABBC70094FBA7 /* model */,
				E4BF468110A72DD100458CF8 /* Messages */,
				E4BF468210A72DE100458CF8 /* Catalog */,
				E40E5B6710C01F2400E0C0E4 /* Help */,
			);
			path = Classes;
			sourceTree = "<group>";
		};
		19C28FACFE9D520D11CA2CBB /* Products */ = {
			isa = PBXGroup;
			children = (
				E402EC6E12C1552B0074FFA3 /* Emoji2011.app */,
			);
			name = Products;
			sourceTree = "<group>";
		};
		29B97314FDCFA39411CA2CEA /* CustomTemplate */ = {
			isa = PBXGroup;
			children = (
				E49578F7123FC36D0025EDEC /* TouchJSON */,
				E49578C3123FC2280025EDEC /* admob */,
				E4DF63F711D63C6E00A14CC2 /* Resources */,
				E4491EB611BB804500BD26EE /* Default.png */,
				E4491EAF11BB7E1200BD26EE /* Icon.png */,
				E4DEF1FE1099AC3F000A7E5F /* images */,
				080E96DDFE201D6D7F000001 /* Classes */,
				E4DF645911D6749B00A14CC2 /* ZipArchive */,
				29B97315FDCFA39411CA2CEA /* Other Sources */,
				29B97323FDCFA39411CA2CEA /* Frameworks */,
				19C28FACFE9D520D11CA2CBB /* Products */,
				E4BBB07B10C5763000A8E357 /* xib */,
				E4C2FC3A1120507200BD2FB6 /* IMBoosterPlus-Info.plist */,
				E40109F110EB769800111696 /* Settings.bundle */,
				E49E1D4310C4A56E00E00BE4 /* Localizable.strings */,
				E49E1C1010C487C600E00BE4 /* Click.caf */,
				E48AC0CA12635637006CA029 /* QuartzCore.framework */,
			);
			name = CustomTemplate;
			sourceTree = "<group>";
		};
		29B97315FDCFA39411CA2CEA /* Other Sources */ = {
			isa = PBXGroup;
			children = (
				E43E2F7B1094743D009D1FF7 /* IMBooster_Prefix.pch */,
				29B97316FDCFA39411CA2CEA /* main.m */,
			);
			name = "Other Sources";
			sourceTree = "<group>";
		};
		29B97323FDCFA39411CA2CEA /* Frameworks */ = {
			isa = PBXGroup;
			children = (
				E44972EB11D9FA2F00C86C02 /* MobileCoreServices.framework */,
				E44A237010C151170028F730 /* SystemConfiguration.framework */,
				1DF5F4DF0D08C38300B7A737 /* UIKit.framework */,
				1D30AB110D05D00D00671497 /* Foundation.framework */,
				288765A40DF7441C002DB57D /* CoreGraphics.framework */,
				E4DEF342109B2217000A7E5F /* MediaPlayer.framework */,
				E4DEF356109B22BE000A7E5F /* MessageUI.framework */,
				E4D2589F10A8D8C10057C07C /* StoreKit.framework */,
				E4E8F81910C0802400603DA6 /* AudioToolbox.framework */,
				E4DF64AA11D679A900A14CC2 /* libz.dylib */,
				E4B442B511DFCF6D006C0D26 /* iAd.framework */,
			);
			name = Frameworks;
			sourceTree = "<group>";
		};
		E40E5B6710C01F2400E0C0E4 /* Help */ = {
			isa = PBXGroup;
			children = (
				E40E5B6810C01F3B00E0C0E4 /* HelpViewController.h */,
				E40E5B6910C01F3B00E0C0E4 /* HelpViewController.m */,
			);
			name = Help;
			sourceTree = "<group>";
		};
		E429397B10B4330F00ECB3E5 /* Store */ = {
			isa = PBXGroup;
			children = (
				E4A6A86910C437DE00913CF8 /* StoreViewController.h */,
				E4A6A86A10C437DE00913CF8 /* StoreViewController.m */,
				E44D706510EA71BB00964A59 /* ContentView.h */,
				E44D706610EA71BB00964A59 /* ContentView.m */,
			);
			name = Store;
			sourceTree = "<group>";
		};
		E49578C3123FC2280025EDEC /* admob */ = {
			isa = PBXGroup;
			children = (
				E49578C4123FC2280025EDEC /* AdMobDelegateProtocol.h */,
				E49578C5123FC2280025EDEC /* AdMobView.h */,
				E49578C6123FC2280025EDEC /* libAdMob.a */,
			);
			path = admob;
			sourceTree = "<group>";
		};
		E49578F7123FC36D0025EDEC /* TouchJSON */ = {
			isa = PBXGroup;
			children = (
				E49578F8123FC36D0025EDEC /* CDataScanner.h */,
				E49578F9123FC36D0025EDEC /* CDataScanner.m */,
				E49578FA123FC36D0025EDEC /* Extensions */,
				E4957903123FC36D0025EDEC /* JSON */,
			);
			path = TouchJSON;
			sourceTree = "<group>";
		};
		E49578FA123FC36D0025EDEC /* Extensions */ = {
			isa = PBXGroup;
			children = (
				E49578FB123FC36D0025EDEC /* CDataScanner_Extensions.h */,
				E49578FC123FC36D0025EDEC /* CDataScanner_Extensions.m */,
				E49578FD123FC36D0025EDEC /* NSCharacterSet_Extensions.h */,
				E49578FE123FC36D0025EDEC /* NSCharacterSet_Extensions.m */,
				E49578FF123FC36D0025EDEC /* NSDictionary_JSONExtensions.h */,
				E4957900123FC36D0025EDEC /* NSDictionary_JSONExtensions.m */,
				E4957901123FC36D0025EDEC /* NSScanner_Extensions.h */,
				E4957902123FC36D0025EDEC /* NSScanner_Extensions.m */,
			);
			path = Extensions;
			sourceTree = "<group>";
		};
		E4957903123FC36D0025EDEC /* JSON */ = {
			isa = PBXGroup;
			children = (
				E4957904123FC36D0025EDEC /* CJSONDataSerializer.h */,
				E4957905123FC36D0025EDEC /* CJSONDataSerializer.m */,
				E4957906123FC36D0025EDEC /* CJSONDeserializer.h */,
				E4957907123FC36D0025EDEC /* CJSONDeserializer.m */,
				E4957908123FC36D0025EDEC /* CJSONScanner.h */,
				E4957909123FC36D0025EDEC /* CJSONScanner.m */,
				E495790A123FC36D0025EDEC /* CJSONSerializer.h */,
				E495790B123FC36D0025EDEC /* CJSONSerializer.m */,
				E495790C123FC36D0025EDEC /* CSerializedJSONData.h */,
				E495790D123FC36D0025EDEC /* CSerializedJSONData.m */,
			);
			path = JSON;
			sourceTree = "<group>";
		};
		E4BBB07B10C5763000A8E357 /* xib */ = {
			isa = PBXGroup;
			children = (
				E4BBB07C10C5763000A8E357 /* CatalogViewController.xib */,
				E4BBB07D10C5763000A8E357 /* GalleryViewController.xib */,
				E4BBB07E10C5763000A8E357 /* HelpViewController.xib */,
				E4BBB07F10C5763000A8E357 /* MainWindow.xib */,
				E4BBB08010C5763000A8E357 /* MessagesViewController.xib */,
				E4BBB08110C5763000A8E357 /* ServiceViewController.xib */,
				E4BBB08210C5763000A8E357 /* StoreViewController.xib */,
				E4BBB08310C5763000A8E357 /* SubCategoryViewController.xib */,
			);
			path = xib;
			sourceTree = "<group>";
		};
		E4BF468110A72DD100458CF8 /* Messages */ = {
			isa = PBXGroup;
			children = (
				28D7ACF60DDB3853001CB0EB /* MessagesViewController.h */,
				28D7ACF70DDB3853001CB0EB /* MessagesViewController.m */,
				E410C9D6109F064E007B8615 /* SubCategoryViewController.h */,
				E410C9D7109F064E007B8615 /* SubCategoryViewController.m */,
				E410C9C7109EEEA3007B8615 /* KeyboardViewController.h */,
				E410C9C8109EEEA3007B8615 /* KeyboardViewController.m */,
				E4E4D9AB10DAB6EE00458BA9 /* KeyView.h */,
				E4E4D9AC10DAB6EE00458BA9 /* KeyView.m */,
			);
			name = Messages;
			path = ..;
			sourceTree = "<group>";
		};
		E4BF468210A72DE100458CF8 /* Catalog */ = {
			isa = PBXGroup;
			children = (
				E4DEF2ED109AFCF6000A7E5F /* CatalogViewController.h */,
				E4DEF2EE109AFCF6000A7E5F /* CatalogViewController.m */,
				E462356B109CE32100B890F8 /* ServiceViewController.h */,
				E462356C109CE32100B890F8 /* ServiceViewController.m */,
				E43E2FD4109476CC009D1FF7 /* GalleryViewController.h */,
				E43E2FD5109476CC009D1FF7 /* GalleryViewController.m */,
				E4E4D9AE10DAB70400458BA9 /* AssetView.h */,
				E4E4D9AF10DAB70400458BA9 /* AssetView.m */,
				E4046CF610B880260023DB0F /* VideoPlayer.h */,
				E4046CF710B880260023DB0F /* VideoPlayer.m */,
				E4BF47B510A7800900458CF8 /* MyOverlayView.h */,
				E4BF47B610A7800900458CF8 /* MyOverlayView.m */,
			);
			name = Catalog;
			path = ..;
			sourceTree = "<group>";
		};
		E4DEF1FE1099AC3F000A7E5F /* images */ = {
			isa = PBXGroup;
			children = (
				E40C800711E706E5005AAE1A /* button-NEW-selected.png */,
				E40C800811E706E5005AAE1A /* button-NEW.png */,
				E49E15F010DE8B8600DFF5DE /* new.png */,
				E42788B210C61111009E6321 /* Blue pin-selected.png */,
				E42788B310C61111009E6321 /* Green2 pin-selected.png */,
				E42788B410C61111009E6321 /* Red pin-selected.png */,
				E42788B510C61111009E6321 /* Yellow pin-selected.png */,
				E49E1C2110C48C2D00E00BE4 /* navigator.png */,
				E49E1C1C10C48B0F00E00BE4 /* keyboard-lock.png */,
				E49E1C1A10C489EA00E00BE4 /* gallery-lock.png */,
				E49E1C1810C4897800E00BE4 /* Green2 pin.png */,
				E421E1AE10BECE4A003DE266 /* button-emoticones-happy-selected.png */,
				E421E1AF10BECE4A003DE266 /* button-emoticones-happy.png */,
				E421E1B010BECE4A003DE266 /* button-emoticones-moody-selected.png */,
				E421E1B110BECE4A003DE266 /* button-emoticones-moody.png */,
				E421E1B210BECE4A003DE266 /* button-emoticones-nasty-selected.png */,
				E421E1B310BECE4A003DE266 /* button-emoticones-nasty.png */,
				E42B4F5710BCA6DA0081C43F /* keyboard-background.png */,
				E42B4F5810BCA6DA0081C43F /* keyboard-overlay.png */,
				E4772B1710BB1B9100A07EB0 /* AddContentToMessage--Touched.png */,
				E4772B1810BB1B9100A07EB0 /* AddContentToMessage-Normal.png */,
				E4772B1910BB1B9100A07EB0 /* GoToGalery-Normal.png */,
				E4772B1A10BB1B9100A07EB0 /* GoToGalery-Touched.png */,
				E4772B1B10BB1B9100A07EB0 /* SendMessage-Normal.png */,
				E4772B1C10BB1B9100A07EB0 /* SendMessage-Touched.png */,
				E4C1276710B745690092B453 /* button-help-selected.png */,
				E4C1276810B745690092B453 /* button-help.png */,
				E4C1276910B745690092B453 /* button-wink-selected.png */,
				E4C1276A10B745690092B453 /* button-wink.png */,
				E4C1277A10B745690092B453 /* Send-content-to-composer-disable.png */,
				E4C1277F10B745690092B453 /* Toggle-Emos-touched.png */,
				E4C1278010B745690092B453 /* Toggle-Emos.png */,
				E4C1278110B745690092B453 /* Toggle-keyb-touched.png */,
				E4C1278210B745690092B453 /* Toggle-keyb.png */,
				E4BE520F10A9D15400EDA49C /* Background galery -  simple.png */,
				E4BE521010A9D15400EDA49C /* Blue pin.png */,
				E4BE521110A9D15400EDA49C /* Green pin.png */,
				E4BE521210A9D15400EDA49C /* Red pin.png */,
				E4BE521310A9D15400EDA49C /* Yellow pin.png */,
				E4BF482610A78B0200458CF8 /* Back.png */,
				E410C836109E16FD007B8615 /* button-hey-selected.png */,
				E410C837109E16FD007B8615 /* button-hey.png */,
				E410C838109E16FD007B8615 /* button-joke-selected.png */,
				E410C839109E16FD007B8615 /* button-joke.png */,
				E410C83A109E16FD007B8615 /* button-love-selected.png */,
				E410C83B109E16FD007B8615 /* button-love.png */,
			);
			path = images;
			sourceTree = "<group>";
		};
		E4DF63F711D63C6E00A14CC2 /* Resources */ = {
			isa = PBXGroup;
			children = (
				E4DF63F911D63C8900A14CC2 /* precache */,
			);
			name = Resources;
			sourceTree = "<group>";
		};
		E4DF645911D6749B00A14CC2 /* ZipArchive */ = {
			isa = PBXGroup;
			children = (
				E4DF645A11D6749B00A14CC2 /* minizip */,
				E4DF646411D6749B00A14CC2 /* ZipArchive.h */,
				E4DF646511D6749B00A14CC2 /* ZipArchive.mm */,
			);
			path = ZipArchive;
			sourceTree = "<group>";
		};
		E4DF645A11D6749B00A14CC2 /* minizip */ = {
			isa = PBXGroup;
			children = (
				E4DF645B11D6749B00A14CC2 /* crypt.h */,
				E4DF645C11D6749B00A14CC2 /* ioapi.c */,
				E4DF645D11D6749B00A14CC2 /* ioapi.h */,
				E4DF645E11D6749B00A14CC2 /* mztools.c */,
				E4DF645F11D6749B00A14CC2 /* mztools.h */,
				E4DF646011D6749B00A14CC2 /* unzip.c */,
				E4DF646111D6749B00A14CC2 /* unzip.h */,
				E4DF646211D6749B00A14CC2 /* zip.c */,
				E4DF646311D6749B00A14CC2 /* zip.h */,
			);
			path = minizip;
			sourceTree = "<group>";
		};
		E4FF3C5C10BABBC70094FBA7 /* model */ = {
			isa = PBXGroup;
			children = (
				E4FF3C5D10BABC050094FBA7 /* Section.h */,
				E4FF3C5E10BABC050094FBA7 /* Section.m */,
				E4FF3C6010BABCF60094FBA7 /* Category.h */,
				E4FF3C6110BABCF60094FBA7 /* Category.m */,
			);
			name = model;
			sourceTree = "<group>";
		};
/* End PBXGroup section */

/* Begin PBXNativeTarget section */
		E402EBFD12C1552B0074FFA3 /* Emoji2011 */ = {
			isa = PBXNativeTarget;
			buildConfigurationList = E402EC6A12C1552B0074FFA3 /* Build configuration list for PBXNativeTarget "Emoji2011" */;
			buildPhases = (
				E402EBFE12C1552B0074FFA3 /* Resources */,
				E402EC3712C1552B0074FFA3 /* Sources */,
				E402EC5C12C1552B0074FFA3 /* Frameworks */,
			);
			buildRules = (
			);
			dependencies = (
			);
			name = Emoji2011;
			productName = Messages;
			productReference = E402EC6E12C1552B0074FFA3 /* Emoji2011.app */;
			productType = "com.apple.product-type.application";
		};
/* End PBXNativeTarget section */

/* Begin PBXProject section */
		29B97313FDCFA39411CA2CEA /* Project object */ = {
			isa = PBXProject;
			buildConfigurationList = C01FCF4E08A954540054247B /* Build configuration list for PBXProject "IMBooster" */;
			compatibilityVersion = "Xcode 3.2";
			developmentRegion = English;
			hasScannedForEncodings = 1;
			knownRegions = (
				English,
				Japanese,
				French,
				German,
				en,
				es,
				fr,
				it,
				pt,
				ro,
			);
			mainGroup = 29B97314FDCFA39411CA2CEA /* CustomTemplate */;
			projectDirPath = "";
			projectRoot = "";
			targets = (
				E402EBFD12C1552B0074FFA3 /* Emoji2011 */,
			);
		};
/* End PBXProject section */

/* Begin PBXResourcesBuildPhase section */
		E402EBFE12C1552B0074FFA3 /* Resources */ = {
			isa = PBXResourcesBuildPhase;
			buildActionMask = 2147483647;
			files = (
				E402EBFF12C1552B0074FFA3 /* MainWindow.xib in Resources */,
				E402EC0012C1552B0074FFA3 /* button-hey-selected.png in Resources */,
				E402EC0112C1552B0074FFA3 /* button-hey.png in Resources */,
				E402EC0212C1552B0074FFA3 /* button-joke-selected.png in Resources */,
				E402EC0312C1552B0074FFA3 /* button-joke.png in Resources */,
				E402EC0412C1552B0074FFA3 /* button-love-selected.png in Resources */,
				E402EC0512C1552B0074FFA3 /* button-love.png in Resources */,
				E402EC0612C1552B0074FFA3 /* Back.png in Resources */,
				E402EC0712C1552B0074FFA3 /* Background galery -  simple.png in Resources */,
				E402EC0812C1552B0074FFA3 /* Blue pin.png in Resources */,
				E402EC0912C1552B0074FFA3 /* Green pin.png in Resources */,
				E402EC0A12C1552B0074FFA3 /* Red pin.png in Resources */,
				E402EC0B12C1552B0074FFA3 /* Yellow pin.png in Resources */,
				E402EC0C12C1552B0074FFA3 /* button-help-selected.png in Resources */,
				E402EC0D12C1552B0074FFA3 /* button-help.png in Resources */,
				E402EC0E12C1552B0074FFA3 /* Send-content-to-composer-disable.png in Resources */,
				E402EC0F12C1552B0074FFA3 /* Toggle-Emos-touched.png in Resources */,
				E402EC1012C1552B0074FFA3 /* Toggle-Emos.png in Resources */,
				E402EC1112C1552B0074FFA3 /* Toggle-keyb-touched.png in Resources */,
				E402EC1212C1552B0074FFA3 /* Toggle-keyb.png in Resources */,
				E402EC1312C1552B0074FFA3 /* AddContentToMessage--Touched.png in Resources */,
				E402EC1412C1552B0074FFA3 /* AddContentToMessage-Normal.png in Resources */,
				E402EC1512C1552B0074FFA3 /* GoToGalery-Normal.png in Resources */,
				E402EC1612C1552B0074FFA3 /* GoToGalery-Touched.png in Resources */,
				E402EC1712C1552B0074FFA3 /* SendMessage-Normal.png in Resources */,
				E402EC1812C1552B0074FFA3 /* SendMessage-Touched.png in Resources */,
				E402EC1912C1552B0074FFA3 /* keyboard-background.png in Resources */,
				E402EC1A12C1552B0074FFA3 /* keyboard-overlay.png in Resources */,
				E402EC1B12C1552B0074FFA3 /* button-emoticones-happy-selected.png in Resources */,
				E402EC1C12C1552B0074FFA3 /* button-emoticones-happy.png in Resources */,
				E402EC1D12C1552B0074FFA3 /* button-emoticones-moody-selected.png in Resources */,
				E402EC1E12C1552B0074FFA3 /* button-emoticones-moody.png in Resources */,
				E402EC1F12C1552B0074FFA3 /* button-emoticones-nasty-selected.png in Resources */,
				E402EC2012C1552B0074FFA3 /* button-emoticones-nasty.png in Resources */,
				E402EC2112C1552B0074FFA3 /* Click.caf in Resources */,
				E402EC2212C1552B0074FFA3 /* Green2 pin.png in Resources */,
				E402EC2312C1552B0074FFA3 /* gallery-lock.png in Resources */,
				E402EC2412C1552B0074FFA3 /* keyboard-lock.png in Resources */,
				E402EC2512C1552B0074FFA3 /* navigator.png in Resources */,
				E402EC2612C1552B0074FFA3 /* Localizable.strings in Resources */,
				E402EC2712C1552B0074FFA3 /* CatalogViewController.xib in Resources */,
				E402EC2812C1552B0074FFA3 /* GalleryViewController.xib in Resources */,
				E402EC2912C1552B0074FFA3 /* HelpViewController.xib in Resources */,
				E402EC2A12C1552B0074FFA3 /* MessagesViewController.xib in Resources */,
				E402EC2B12C1552B0074FFA3 /* ServiceViewController.xib in Resources */,
				E402EC2C12C1552B0074FFA3 /* SubCategoryViewController.xib in Resources */,
				E402EC2D12C1552B0074FFA3 /* Blue pin-selected.png in Resources */,
				E402EC2E12C1552B0074FFA3 /* Green2 pin-selected.png in Resources */,
				E402EC2F12C1552B0074FFA3 /* Red pin-selected.png in Resources */,
				E402EC3012C1552B0074FFA3 /* Yellow pin-selected.png in Resources */,
				E402EC3112C1552B0074FFA3 /* new.png in Resources */,
				E402EC3212C1552B0074FFA3 /* Icon.png in Resources */,
				E402EC3312C1552B0074FFA3 /* Default.png in Resources */,
				E402EC3412C1552B0074FFA3 /* button-NEW-selected.png in Resources */,
				E402EC3512C1552B0074FFA3 /* button-NEW.png in Resources */,
				E402EC3612C1552B0074FFA3 /* precache in Resources */,
			);
			runOnlyForDeploymentPostprocessing = 0;
		};
/* End PBXResourcesBuildPhase section */

/* Begin PBXSourcesBuildPhase section */
		E402EC3712C1552B0074FFA3 /* Sources */ = {
			isa = PBXSourcesBuildPhase;
			buildActionMask = 2147483647;
			files = (
				E402EC3812C1552B0074FFA3 /* ZoozzEvent.m in Sources */,
				E402EC3912C1552B0074FFA3 /* ServiceViewController.m in Sources */,
				E402EC3A12C1552B0074FFA3 /* main.m in Sources */,
				E402EC3B12C1552B0074FFA3 /* MessagesViewController.m in Sources */,
				E402EC3C12C1552B0074FFA3 /* Asset.m in Sources */,
				E402EC3D12C1552B0074FFA3 /* XMLParser.m in Sources */,
				E402EC3E12C1552B0074FFA3 /* IminentAppDelegate.m in Sources */,
				E402EC3F12C1552B0074FFA3 /* GalleryViewController.m in Sources */,
				E402EC4012C1552B0074FFA3 /* CatalogViewController.m in Sources */,
				E402EC4112C1552B0074FFA3 /* KeyboardViewController.m in Sources */,
				E402EC4212C1552B0074FFA3 /* SubCategoryViewController.m in Sources */,
				E402EC4312C1552B0074FFA3 /* LocalStorage.m in Sources */,
				E402EC4412C1552B0074FFA3 /* CacheResource.m in Sources */,
				E402EC4512C1552B0074FFA3 /* Section.m in Sources */,
				E402EC4612C1552B0074FFA3 /* Category.m in Sources */,
				E402EC4712C1552B0074FFA3 /* HelpViewController.m in Sources */,
				E402EC4812C1552B0074FFA3 /* Utilities.m in Sources */,
				E402EC4912C1552B0074FFA3 /* KeyView.m in Sources */,
				E402EC4A12C1552B0074FFA3 /* AssetView.m in Sources */,
				E402EC4B12C1552B0074FFA3 /* ioapi.c in Sources */,
				E402EC4C12C1552B0074FFA3 /* mztools.c in Sources */,
				E402EC4D12C1552B0074FFA3 /* unzip.c in Sources */,
				E402EC4E12C1552B0074FFA3 /* zip.c in Sources */,
				E402EC4F12C1552B0074FFA3 /* ZipArchive.mm in Sources */,
				E402EC5012C1552B0074FFA3 /* ZoozzConnection.m in Sources */,
				E402EC5112C1552B0074FFA3 /* ZoozzADBannerView.m in Sources */,
				E402EC5212C1552B0074FFA3 /* CDataScanner.m in Sources */,
				E402EC5312C1552B0074FFA3 /* CDataScanner_Extensions.m in Sources */,
				E402EC5412C1552B0074FFA3 /* NSCharacterSet_Extensions.m in Sources */,
				E402EC5512C1552B0074FFA3 /* NSDictionary_JSONExtensions.m in Sources */,
				E402EC5612C1552B0074FFA3 /* NSScanner_Extensions.m in Sources */,
				E402EC5712C1552B0074FFA3 /* CJSONDataSerializer.m in Sources */,
				E402EC5812C1552B0074FFA3 /* CJSONDeserializer.m in Sources */,
				E402EC5912C1552B0074FFA3 /* CJSONScanner.m in Sources */,
				E402EC5A12C1552B0074FFA3 /* CJSONSerializer.m in Sources */,
				E402EC5B12C1552B0074FFA3 /* CSerializedJSONData.m in Sources */,
			);
			runOnlyForDeploymentPostprocessing = 0;
		};
/* End PBXSourcesBuildPhase section */

/* Begin PBXVariantGroup section */
		E49E1D4310C4A56E00E00BE4 /* Localizable.strings */ = {
			isa = PBXVariantGroup;
			children = (
				E49E1D4410C4A56E00E00BE4 /* en */,
				E4BBB08C10C5767E00A8E357 /* es */,
				E4BBB08D10C5767E00A8E357 /* fr */,
				E4BBB08E10C5767E00A8E357 /* it */,
				E4BBB08F10C5767E00A8E357 /* pt */,
				E4BBB09010C5767E00A8E357 /* ro */,
			);
			name = Localizable.strings;
			sourceTree = "<group>";
		};
/* End PBXVariantGroup section */

/* Begin XCBuildConfiguration section */
		C01FCF4F08A954540054247B /* Debug */ = {
			isa = XCBuildConfiguration;
			buildSettings = {
				ARCHS = "$(ARCHS_STANDARD_32_BIT)";
				"CODE_SIGN_IDENTITY[sdk=iphoneos*]" = "iPhone Developer: Roee Kremer (G22F3GL4MN)";
				GCC_C_LANGUAGE_STANDARD = c99;
				GCC_WARN_ABOUT_RETURN_TYPE = YES;
				GCC_WARN_UNUSED_VARIABLE = YES;
				IBC_FLATTEN_NIBS = YES;
				IPHONEOS_DEPLOYMENT_TARGET = 3.0;
				PREBINDING = NO;
				"PROVISIONING_PROFILE[sdk=iphoneos*]" = "26312609-D4DC-4334-B323-DE45B09A7C83";
				SDKROOT = iphoneos;
			};
			name = Debug;
		};
		C01FCF5008A954540054247B /* Release */ = {
			isa = XCBuildConfiguration;
			buildSettings = {
				ARCHS = "$(ARCHS_STANDARD_32_BIT)";
				"CODE_SIGN_IDENTITY[sdk=iphoneos*]" = "iPhone Developer: Roee Kremer (G22F3GL4MN)";
				GCC_C_LANGUAGE_STANDARD = c99;
				GCC_WARN_ABOUT_RETURN_TYPE = YES;
				GCC_WARN_UNUSED_VARIABLE = YES;
				IBC_FLATTEN_NIBS = YES;
				IPHONEOS_DEPLOYMENT_TARGET = 3.0;
				PREBINDING = NO;
				"PROVISIONING_PROFILE[sdk=iphoneos*]" = "26312609-D4DC-4334-B323-DE45B09A7C83";
				SDKROOT = iphoneos;
			};
			name = Release;
		};
		E402EC6B12C1552B0074FFA3 /* Debug */ = {
			isa = XCBuildConfiguration;
			buildSettings = {
				ALWAYS_SEARCH_USER_PATHS = NO;
				"CODE_SIGN_IDENTITY[sdk=iphoneos*]" = "iPhone Developer: Roee Kremer (G22F3GL4MN)";
				COPY_PHASE_STRIP = NO;
				GCC_DYNAMIC_NO_PIC = NO;
				GCC_OPTIMIZATION_LEVEL = 0;
				GCC_PRECOMPILE_PREFIX_HEADER = YES;
				GCC_PREFIX_HEADER = IMBooster_Prefix.pch;
				GCC_PREPROCESSOR_DEFINITIONS_NOT_USED_IN_PRECOMPS = (
					"_$(CONFIGURATION)",
					"_$(TARGET_NAME)",
				);
				INFOPLIST_FILE = "IMBoosterPlus-Info.plist";
				IPHONEOS_DEPLOYMENT_TARGET = 3.0;
				LIBRARY_SEARCH_PATHS = "\"$(SRCROOT)/admob\"";
				OTHER_CFLAGS = "";
				PRODUCT_NAME = $TARGET_NAME;
				"PROVISIONING_PROFILE[sdk=iphoneos*]" = "09506734-48DB-4056-813C-4386BC164AB6";
				SDKROOT = iphoneos;
			};
			name = Debug;
		};
		E402EC6C12C1552B0074FFA3 /* Release */ = {
			isa = XCBuildConfiguration;
			buildSettings = {
				ALWAYS_SEARCH_USER_PATHS = NO;
				"CODE_SIGN_IDENTITY[sdk=iphoneos*]" = "iPhone Developer: Roee Kremer (G22F3GL4MN)";
				COPY_PHASE_STRIP = YES;
				GCC_PRECOMPILE_PREFIX_HEADER = YES;
				GCC_PREFIX_HEADER = IMBooster_Prefix.pch;
				GCC_PREPROCESSOR_DEFINITIONS_NOT_USED_IN_PRECOMPS = (
					"_$(CONFIGURATION)",
					"_$(TARGET_NAME)",
				);
				INFOPLIST_FILE = "IMBoosterPlus-Info.plist";
				IPHONEOS_DEPLOYMENT_TARGET = 3.0;
				LIBRARY_SEARCH_PATHS = "\"$(SRCROOT)/admob\"";
				OTHER_CFLAGS = "";
				PRODUCT_NAME = $TARGET_NAME;
				"PROVISIONING_PROFILE[sdk=iphoneos*]" = "09506734-48DB-4056-813C-4386BC164AB6";
				SDKROOT = iphoneos;
			};
			name = Release;
		};
		E402EC6D12C1552B0074FFA3 /* Distribution */ = {
			isa = XCBuildConfiguration;
			buildSettings = {
				ALWAYS_SEARCH_USER_PATHS = NO;
				"CODE_SIGN_IDENTITY[sdk=iphoneos*]" = "iPhone Distribution: IMINENT";
				COPY_PHASE_STRIP = YES;
				GCC_PRECOMPILE_PREFIX_HEADER = YES;
				GCC_PREFIX_HEADER = IMBooster_Prefix.pch;
				GCC_PREPROCESSOR_DEFINITIONS_NOT_USED_IN_PRECOMPS = (
					"_$(CONFIGURATION)",
					"_$(TARGET_NAME)",
				);
				INFOPLIST_FILE = "IMBoosterPlus-Info.plist";
				IPHONEOS_DEPLOYMENT_TARGET = 3.0;
				LIBRARY_SEARCH_PATHS = "\"$(SRCROOT)/admob\"";
				OTHER_CFLAGS = "";
				PRODUCT_NAME = $TARGET_NAME;
				"PROVISIONING_PROFILE[sdk=iphoneos*]" = "AADF9D4D-48F8-4D25-93F5-E08DB44D8BEF";
				SDKROOT = iphoneos;
			};
			name = Distribution;
		};
		E427889110C60CF2009E6321 /* Distribution */ = {
			isa = XCBuildConfiguration;
			buildSettings = {
				ARCHS = "$(ARCHS_STANDARD_32_BIT)";
				"CODE_SIGN_IDENTITY[sdk=iphoneos*]" = "iPhone Developer: Roee Kremer (G22F3GL4MN)";
				GCC_C_LANGUAGE_STANDARD = c99;
				GCC_WARN_ABOUT_RETURN_TYPE = YES;
				GCC_WARN_UNUSED_VARIABLE = YES;
				IBC_FLATTEN_NIBS = YES;
				PREBINDING = NO;
				"PROVISIONING_PROFILE[sdk=iphoneos*]" = "26312609-D4DC-4334-B323-DE45B09A7C83";
				SDKROOT = iphoneos4.2;
			};
			name = Distribution;
		};
/* End XCBuildConfiguration section */

/* Begin XCConfigurationList section */
		C01FCF4E08A954540054247B /* Build configuration list for PBXProject "IMBooster" */ = {
			isa = XCConfigurationList;
			buildConfigurations = (
				C01FCF4F08A954540054247B /* Debug */,
				C01FCF5008A954540054247B /* Release */,
				E427889110C60CF2009E6321 /* Distribution */,
			);
			defaultConfigurationIsVisible = 0;
			defaultConfigurationName = Release;
		};
		E402EC6A12C1552B0074FFA3 /* Build configuration list for PBXNativeTarget "Emoji2011" */ = {
			isa = XCConfigurationList;
			buildConfigurations = (
				E402EC6B12C1552B0074FFA3 /* Debug */,
				E402EC6C12C1552B0074FFA3 /* Release */,
				E402EC6D12C1552B0074FFA3 /* Distribution */,
			);
			defaultConfigurationIsVisible = 0;
			defaultConfigurationName = Release;
		};
/* End XCConfigurationList section */
	};
	rootObject = 29B97313FDCFA39411CA2CEA /* Project object */;
}
